// !$*UTF8*$!
{
	archiveVersion = 1;
	classes = {
	};
	objectVersion = 46;
	objects = {

/* Begin PBXBuildFile section */
		000F95C41CFE52D2002B0814 /* ImageScout.framework in Frameworks */ = {isa = PBXBuildFile; fileRef = EAF49B911A3600E300B395DF /* ImageScout.framework */; };
		005452861C5EAE72005D56E3 /* ImageScout-Mac.h in Headers */ = {isa = PBXBuildFile; fileRef = 005452851C5EAE72005D56E3 /* ImageScout-Mac.h */; settings = {ATTRIBUTES = (Public, ); }; };
		008D0C9219E7BA300018CF15 /* ImageScoutTests.swift in Sources */ = {isa = PBXBuildFile; fileRef = 008D0C9119E7BA300018CF15 /* ImageScoutTests.swift */; };
		00B8C7941A36505100C188E7 /* ImageScout-iOS.h in Headers */ = {isa = PBXBuildFile; fileRef = 00B8C7931A36505100C188E7 /* ImageScout-iOS.h */; settings = {ATTRIBUTES = (Public, ); }; };
		00BB704C1C5EB4BB00E4B019 /* ImageScout.swift in Sources */ = {isa = PBXBuildFile; fileRef = 005FAE2C19E16CFE00FB4919 /* ImageScout.swift */; };
		00BB704D1C5EB4C500E4B019 /* ScoutOperation.swift in Sources */ = {isa = PBXBuildFile; fileRef = 00D842621A97D2C1006B4763 /* ScoutOperation.swift */; };
		00BB704E1C5EB4C500E4B019 /* ImageParser.swift in Sources */ = {isa = PBXBuildFile; fileRef = 00D842651A97D31E006B4763 /* ImageParser.swift */; };
		00BB704F1C5EB4C500E4B019 /* SessionDelegate.swift in Sources */ = {isa = PBXBuildFile; fileRef = 00D842671A97D37F006B4763 /* SessionDelegate.swift */; };
		00D842631A97D2C1006B4763 /* ScoutOperation.swift in Sources */ = {isa = PBXBuildFile; fileRef = 00D842621A97D2C1006B4763 /* ScoutOperation.swift */; };
		00D842661A97D31E006B4763 /* ImageParser.swift in Sources */ = {isa = PBXBuildFile; fileRef = 00D842651A97D31E006B4763 /* ImageParser.swift */; };
		00D842681A97D37F006B4763 /* SessionDelegate.swift in Sources */ = {isa = PBXBuildFile; fileRef = 00D842671A97D37F006B4763 /* SessionDelegate.swift */; };
		EAF49BAA1A36028500B395DF /* ImageScout.swift in Sources */ = {isa = PBXBuildFile; fileRef = 005FAE2C19E16CFE00FB4919 /* ImageScout.swift */; };
		EAF49BC41A36093800B395DF /* scout.bmp in Resources */ = {isa = PBXBuildFile; fileRef = EAF49BBC1A36092D00B395DF /* scout.bmp */; };
		EAF49BC51A36093800B395DF /* scout.gif in Resources */ = {isa = PBXBuildFile; fileRef = EAF49BBD1A36092D00B395DF /* scout.gif */; };
		EAF49BC61A36093800B395DF /* scout.jpg in Resources */ = {isa = PBXBuildFile; fileRef = EAF49BBE1A36092D00B395DF /* scout.jpg */; };
		EAF49BC71A36093800B395DF /* scout.png in Resources */ = {isa = PBXBuildFile; fileRef = EAF49BBF1A36092D00B395DF /* scout.png */; };
/* End PBXBuildFile section */

/* Begin PBXContainerItemProxy section */
		000F95C21CFE52CB002B0814 /* PBXContainerItemProxy */ = {
			isa = PBXContainerItemProxy;
			containerPortal = 9D52340219DE0A4900FEE5AC /* Project object */;
			proxyType = 1;
			remoteGlobalIDString = EAF49B901A3600E300B395DF;
			remoteInfo = "ImageScout-iOS";
		};
/* End PBXContainerItemProxy section */

/* Begin PBXFileReference section */
		005452831C5EAE72005D56E3 /* ImageScout.framework */ = {isa = PBXFileReference; explicitFileType = wrapper.framework; includeInIndex = 0; path = ImageScout.framework; sourceTree = BUILT_PRODUCTS_DIR; };
		005452851C5EAE72005D56E3 /* ImageScout-Mac.h */ = {isa = PBXFileReference; lastKnownFileType = sourcecode.c.h; path = "ImageScout-Mac.h"; sourceTree = "<group>"; };
		005452871C5EAE72005D56E3 /* Info.plist */ = {isa = PBXFileReference; lastKnownFileType = text.plist.xml; path = Info.plist; sourceTree = "<group>"; };
		005FAE2C19E16CFE00FB4919 /* ImageScout.swift */ = {isa = PBXFileReference; fileEncoding = 4; lastKnownFileType = sourcecode.swift; path = ImageScout.swift; sourceTree = "<group>"; };
		008D0C9119E7BA300018CF15 /* ImageScoutTests.swift */ = {isa = PBXFileReference; fileEncoding = 4; lastKnownFileType = sourcecode.swift; path = ImageScoutTests.swift; sourceTree = "<group>"; };
		00B8C7931A36505100C188E7 /* ImageScout-iOS.h */ = {isa = PBXFileReference; fileEncoding = 4; lastKnownFileType = sourcecode.c.h; path = "ImageScout-iOS.h"; sourceTree = "<group>"; };
		00D842621A97D2C1006B4763 /* ScoutOperation.swift */ = {isa = PBXFileReference; fileEncoding = 4; lastKnownFileType = sourcecode.swift; path = ScoutOperation.swift; sourceTree = "<group>"; };
		00D842651A97D31E006B4763 /* ImageParser.swift */ = {isa = PBXFileReference; fileEncoding = 4; lastKnownFileType = sourcecode.swift; path = ImageParser.swift; sourceTree = "<group>"; };
		00D842671A97D37F006B4763 /* SessionDelegate.swift */ = {isa = PBXFileReference; fileEncoding = 4; lastKnownFileType = sourcecode.swift; path = SessionDelegate.swift; sourceTree = "<group>"; };
		9D52341F19DE0A4A00FEE5AC /* ImageScoutTests.xctest */ = {isa = PBXFileReference; explicitFileType = wrapper.cfbundle; includeInIndex = 0; path = ImageScoutTests.xctest; sourceTree = BUILT_PRODUCTS_DIR; };
		9D52342419DE0A4A00FEE5AC /* Info.plist */ = {isa = PBXFileReference; lastKnownFileType = text.plist.xml; path = Info.plist; sourceTree = "<group>"; };
		EAF49B911A3600E300B395DF /* ImageScout.framework */ = {isa = PBXFileReference; explicitFileType = wrapper.framework; includeInIndex = 0; path = ImageScout.framework; sourceTree = BUILT_PRODUCTS_DIR; };
		EAF49B941A3600E300B395DF /* Info.plist */ = {isa = PBXFileReference; lastKnownFileType = text.plist.xml; name = Info.plist; path = "../ImageScout-iOS/Info.plist"; sourceTree = "<group>"; };
		EAF49BBC1A36092D00B395DF /* scout.bmp */ = {isa = PBXFileReference; lastKnownFileType = image.bmp; path = scout.bmp; sourceTree = "<group>"; };
		EAF49BBD1A36092D00B395DF /* scout.gif */ = {isa = PBXFileReference; lastKnownFileType = image.gif; path = scout.gif; sourceTree = "<group>"; };
		EAF49BBE1A36092D00B395DF /* scout.jpg */ = {isa = PBXFileReference; lastKnownFileType = image.jpeg; path = scout.jpg; sourceTree = "<group>"; };
		EAF49BBF1A36092D00B395DF /* scout.png */ = {isa = PBXFileReference; lastKnownFileType = image.png; path = scout.png; sourceTree = "<group>"; };
/* End PBXFileReference section */

/* Begin PBXFrameworksBuildPhase section */
		0054527F1C5EAE72005D56E3 /* Frameworks */ = {
			isa = PBXFrameworksBuildPhase;
			buildActionMask = 2147483647;
			files = (
			);
			runOnlyForDeploymentPostprocessing = 0;
		};
		9D52341C19DE0A4A00FEE5AC /* Frameworks */ = {
			isa = PBXFrameworksBuildPhase;
			buildActionMask = 2147483647;
			files = (
				000F95C41CFE52D2002B0814 /* ImageScout.framework in Frameworks */,
			);
			runOnlyForDeploymentPostprocessing = 0;
		};
		EAF49B8D1A3600E300B395DF /* Frameworks */ = {
			isa = PBXFrameworksBuildPhase;
			buildActionMask = 2147483647;
			files = (
			);
			runOnlyForDeploymentPostprocessing = 0;
		};
/* End PBXFrameworksBuildPhase section */

/* Begin PBXGroup section */
		005452841C5EAE72005D56E3 /* ImageScout-Mac */ = {
			isa = PBXGroup;
			children = (
				005452851C5EAE72005D56E3 /* ImageScout-Mac.h */,
				005452871C5EAE72005D56E3 /* Info.plist */,
			);
			path = "ImageScout-Mac";
			sourceTree = "<group>";
		};
		00BB704B1C5EB34E00E4B019 /* ImageScout-iOS */ = {
			isa = PBXGroup;
			children = (
				00B8C7931A36505100C188E7 /* ImageScout-iOS.h */,
				EAF49B941A3600E300B395DF /* Info.plist */,
			);
			path = "ImageScout-iOS";
			sourceTree = "<group>";
		};
		9D52340119DE0A4900FEE5AC = {
			isa = PBXGroup;
			children = (
				00BB704B1C5EB34E00E4B019 /* ImageScout-iOS */,
				005452841C5EAE72005D56E3 /* ImageScout-Mac */,
				9D52340B19DE0A4900FEE5AC /* Products */,
				EAF49B921A3600E300B395DF /* Shared */,
				9D52342219DE0A4A00FEE5AC /* Tests */,
			);
			sourceTree = "<group>";
		};
		9D52340B19DE0A4900FEE5AC /* Products */ = {
			isa = PBXGroup;
			children = (
				9D52341F19DE0A4A00FEE5AC /* ImageScoutTests.xctest */,
				EAF49B911A3600E300B395DF /* ImageScout.framework */,
				005452831C5EAE72005D56E3 /* ImageScout.framework */,
			);
			name = Products;
			sourceTree = "<group>";
		};
		9D52342219DE0A4A00FEE5AC /* Tests */ = {
			isa = PBXGroup;
			children = (
				EAF49BBB1A36091900B395DF /* Images */,
				008D0C9119E7BA300018CF15 /* ImageScoutTests.swift */,
				9D52342319DE0A4A00FEE5AC /* Supporting Files */,
			);
			path = Tests;
			sourceTree = "<group>";
		};
		9D52342319DE0A4A00FEE5AC /* Supporting Files */ = {
			isa = PBXGroup;
			children = (
				9D52342419DE0A4A00FEE5AC /* Info.plist */,
			);
			name = "Supporting Files";
			sourceTree = "<group>";
		};
		EAF49B921A3600E300B395DF /* Shared */ = {
			isa = PBXGroup;
			children = (
				005FAE2C19E16CFE00FB4919 /* ImageScout.swift */,
				00D842621A97D2C1006B4763 /* ScoutOperation.swift */,
				00D842651A97D31E006B4763 /* ImageParser.swift */,
				00D842671A97D37F006B4763 /* SessionDelegate.swift */,
			);
			path = Shared;
			sourceTree = "<group>";
		};
		EAF49BBB1A36091900B395DF /* Images */ = {
			isa = PBXGroup;
			children = (
				EAF49BBC1A36092D00B395DF /* scout.bmp */,
				EAF49BBD1A36092D00B395DF /* scout.gif */,
				EAF49BBE1A36092D00B395DF /* scout.jpg */,
				EAF49BBF1A36092D00B395DF /* scout.png */,
			);
			name = Images;
			path = ../Images;
			sourceTree = "<group>";
		};
/* End PBXGroup section */

/* Begin PBXHeadersBuildPhase section */
		005452801C5EAE72005D56E3 /* Headers */ = {
			isa = PBXHeadersBuildPhase;
			buildActionMask = 2147483647;
			files = (
				005452861C5EAE72005D56E3 /* ImageScout-Mac.h in Headers */,
			);
			runOnlyForDeploymentPostprocessing = 0;
		};
		EAF49B8E1A3600E300B395DF /* Headers */ = {
			isa = PBXHeadersBuildPhase;
			buildActionMask = 2147483647;
			files = (
				00B8C7941A36505100C188E7 /* ImageScout-iOS.h in Headers */,
			);
			runOnlyForDeploymentPostprocessing = 0;
		};
/* End PBXHeadersBuildPhase section */

/* Begin PBXNativeTarget section */
		005452821C5EAE72005D56E3 /* ImageScout-Mac */ = {
			isa = PBXNativeTarget;
			buildConfigurationList = 0054528A1C5EAE72005D56E3 /* Build configuration list for PBXNativeTarget "ImageScout-Mac" */;
			buildPhases = (
				0054527E1C5EAE72005D56E3 /* Sources */,
				0054527F1C5EAE72005D56E3 /* Frameworks */,
				005452801C5EAE72005D56E3 /* Headers */,
				005452811C5EAE72005D56E3 /* Resources */,
				0054528B1C5EAE7E005D56E3 /* Set Version */,
			);
			buildRules = (
			);
			dependencies = (
			);
			name = "ImageScout-Mac";
			productName = ImageScoutMac;
			productReference = 005452831C5EAE72005D56E3 /* ImageScout.framework */;
			productType = "com.apple.product-type.framework";
		};
		9D52341E19DE0A4A00FEE5AC /* ImageScoutTests */ = {
			isa = PBXNativeTarget;
			buildConfigurationList = 9D52342C19DE0A4A00FEE5AC /* Build configuration list for PBXNativeTarget "ImageScoutTests" */;
			buildPhases = (
				9D52341B19DE0A4A00FEE5AC /* Sources */,
				9D52341C19DE0A4A00FEE5AC /* Frameworks */,
				9D52341D19DE0A4A00FEE5AC /* Resources */,
			);
			buildRules = (
			);
			dependencies = (
				000F95C31CFE52CB002B0814 /* PBXTargetDependency */,
			);
			name = ImageScoutTests;
			productName = ImageScoutTests;
			productReference = 9D52341F19DE0A4A00FEE5AC /* ImageScoutTests.xctest */;
			productType = "com.apple.product-type.bundle.unit-test";
		};
		EAF49B901A3600E300B395DF /* ImageScout-iOS */ = {
			isa = PBXNativeTarget;
			buildConfigurationList = EAF49BA41A3600E300B395DF /* Build configuration list for PBXNativeTarget "ImageScout-iOS" */;
			buildPhases = (
				EAF49B8C1A3600E300B395DF /* Sources */,
				EAF49B8D1A3600E300B395DF /* Frameworks */,
				EAF49B8E1A3600E300B395DF /* Headers */,
				EAF49B8F1A3600E300B395DF /* Resources */,
				005006081C5EA941007EB317 /* Set Version */,
			);
			buildRules = (
			);
			dependencies = (
			);
			name = "ImageScout-iOS";
			productName = ImageScout;
			productReference = EAF49B911A3600E300B395DF /* ImageScout.framework */;
			productType = "com.apple.product-type.framework";
		};
/* End PBXNativeTarget section */

/* Begin PBXProject section */
		9D52340219DE0A4900FEE5AC /* Project object */ = {
			isa = PBXProject;
			attributes = {
				LastSwiftMigration = 0700;
				LastSwiftUpdateCheck = 0700;
				LastUpgradeCheck = 1020;
				ORGANIZATIONNAME = "Kaishin & Co";
				TargetAttributes = {
					005452821C5EAE72005D56E3 = {
						CreatedOnToolsVersion = 7.2;
						LastSwiftMigration = 1020;
					};
					9D52341E19DE0A4A00FEE5AC = {
						CreatedOnToolsVersion = 6.0;
						LastSwiftMigration = "";
						TestTargetID = 9D52340919DE0A4900FEE5AC;
					};
					EAF49B901A3600E300B395DF = {
						CreatedOnToolsVersion = 6.2;
						LastSwiftMigration = 0920;
					};
				};
			};
			buildConfigurationList = 9D52340519DE0A4900FEE5AC /* Build configuration list for PBXProject "ImageScout" */;
			compatibilityVersion = "Xcode 3.2";
			developmentRegion = en;
			hasScannedForEncodings = 0;
			knownRegions = (
				en,
				Base,
			);
			mainGroup = 9D52340119DE0A4900FEE5AC;
			productRefGroup = 9D52340B19DE0A4900FEE5AC /* Products */;
			projectDirPath = "";
			projectRoot = "";
			targets = (
				EAF49B901A3600E300B395DF /* ImageScout-iOS */,
				9D52341E19DE0A4A00FEE5AC /* ImageScoutTests */,
				005452821C5EAE72005D56E3 /* ImageScout-Mac */,
			);
		};
/* End PBXProject section */

/* Begin PBXResourcesBuildPhase section */
		005452811C5EAE72005D56E3 /* Resources */ = {
			isa = PBXResourcesBuildPhase;
			buildActionMask = 2147483647;
			files = (
			);
			runOnlyForDeploymentPostprocessing = 0;
		};
		9D52341D19DE0A4A00FEE5AC /* Resources */ = {
			isa = PBXResourcesBuildPhase;
			buildActionMask = 2147483647;
			files = (
				EAF49BC41A36093800B395DF /* scout.bmp in Resources */,
				EAF49BC51A36093800B395DF /* scout.gif in Resources */,
				EAF49BC61A36093800B395DF /* scout.jpg in Resources */,
				EAF49BC71A36093800B395DF /* scout.png in Resources */,
			);
			runOnlyForDeploymentPostprocessing = 0;
		};
		EAF49B8F1A3600E300B395DF /* Resources */ = {
			isa = PBXResourcesBuildPhase;
			buildActionMask = 2147483647;
			files = (
			);
			runOnlyForDeploymentPostprocessing = 0;
		};
/* End PBXResourcesBuildPhase section */

/* Begin PBXShellScriptBuildPhase section */
		005006081C5EA941007EB317 /* Set Version */ = {
			isa = PBXShellScriptBuildPhase;
			buildActionMask = 2147483647;
			files = (
			);
			inputPaths = (
			);
			name = "Set Version";
			outputPaths = (
			);
			runOnlyForDeploymentPostprocessing = 0;
			shellPath = /bin/sh;
			shellScript = "GIT_RELEASE_VERSION=$(git describe --tags --always --abbrev=0)\nCOMMITS=$(git rev-list HEAD | wc -l)\nCOMMITS=$(($COMMITS))\n\n/usr/libexec/PlistBuddy -c \"Set :CFBundleVersion ${COMMITS}\" \"${INFOPLIST_FILE}\"\n/usr/libexec/PlistBuddy -c \"Set :CFBundleShortVersionString ${GIT_RELEASE_VERSION#*v}\" \"${INFOPLIST_FILE}\"";
		};
		0054528B1C5EAE7E005D56E3 /* Set Version */ = {
			isa = PBXShellScriptBuildPhase;
			buildActionMask = 2147483647;
			files = (
			);
			inputPaths = (
			);
			name = "Set Version";
			outputPaths = (
			);
			runOnlyForDeploymentPostprocessing = 0;
			shellPath = /bin/sh;
			shellScript = "GIT_RELEASE_VERSION=$(git describe --tags --always --abbrev=0)\nCOMMITS=$(git rev-list HEAD | wc -l)\nCOMMITS=$(($COMMITS))\n\n/usr/libexec/PlistBuddy -c \"Set :CFBundleVersion ${COMMITS}\" \"${INFOPLIST_FILE}\"\n/usr/libexec/PlistBuddy -c \"Set :CFBundleShortVersionString ${GIT_RELEASE_VERSION#*v}\" \"${INFOPLIST_FILE}\"";
		};
/* End PBXShellScriptBuildPhase section */

/* Begin PBXSourcesBuildPhase section */
		0054527E1C5EAE72005D56E3 /* Sources */ = {
			isa = PBXSourcesBuildPhase;
			buildActionMask = 2147483647;
			files = (
				00BB704D1C5EB4C500E4B019 /* ScoutOperation.swift in Sources */,
				00BB704C1C5EB4BB00E4B019 /* ImageScout.swift in Sources */,
				00BB704E1C5EB4C500E4B019 /* ImageParser.swift in Sources */,
				00BB704F1C5EB4C500E4B019 /* SessionDelegate.swift in Sources */,
			);
			runOnlyForDeploymentPostprocessing = 0;
		};
		9D52341B19DE0A4A00FEE5AC /* Sources */ = {
			isa = PBXSourcesBuildPhase;
			buildActionMask = 2147483647;
			files = (
				008D0C9219E7BA300018CF15 /* ImageScoutTests.swift in Sources */,
			);
			runOnlyForDeploymentPostprocessing = 0;
		};
		EAF49B8C1A3600E300B395DF /* Sources */ = {
			isa = PBXSourcesBuildPhase;
			buildActionMask = 2147483647;
			files = (
				00D842631A97D2C1006B4763 /* ScoutOperation.swift in Sources */,
				EAF49BAA1A36028500B395DF /* ImageScout.swift in Sources */,
				00D842661A97D31E006B4763 /* ImageParser.swift in Sources */,
				00D842681A97D37F006B4763 /* SessionDelegate.swift in Sources */,
			);
			runOnlyForDeploymentPostprocessing = 0;
		};
/* End PBXSourcesBuildPhase section */

/* Begin PBXTargetDependency section */
		000F95C31CFE52CB002B0814 /* PBXTargetDependency */ = {
			isa = PBXTargetDependency;
			target = EAF49B901A3600E300B395DF /* ImageScout-iOS */;
			targetProxy = 000F95C21CFE52CB002B0814 /* PBXContainerItemProxy */;
		};
/* End PBXTargetDependency section */

/* Begin XCBuildConfiguration section */
		005452881C5EAE72005D56E3 /* Debug */ = {
			isa = XCBuildConfiguration;
			buildSettings = {
				APPLICATION_EXTENSION_API_ONLY = YES;
				CODE_SIGN_IDENTITY = "-";
				COMBINE_HIDPI_IMAGES = YES;
				CURRENT_PROJECT_VERSION = 1;
				DEBUG_INFORMATION_FORMAT = dwarf;
				DEFINES_MODULE = YES;
				DYLIB_COMPATIBILITY_VERSION = 1;
				DYLIB_CURRENT_VERSION = 1;
				DYLIB_INSTALL_NAME_BASE = "@rpath";
				FRAMEWORK_VERSION = A;
				GCC_NO_COMMON_BLOCKS = YES;
				INFOPLIST_FILE = "ImageScout-Mac/Info.plist";
				INSTALL_PATH = "$(LOCAL_LIBRARY_DIR)/Frameworks";
				LD_RUNPATH_SEARCH_PATHS = "$(inherited) @executable_path/../Frameworks @loader_path/Frameworks";
				MACOSX_DEPLOYMENT_TARGET = 10.11;
				PRODUCT_BUNDLE_IDENTIFIER = co.kaishin.ImageScoutMac;
				PRODUCT_NAME = ImageScout;
				SDKROOT = macosx;
				SKIP_INSTALL = YES;
				SWIFT_VERSION = 5.0;
				VERSIONING_SYSTEM = "apple-generic";
				VERSION_INFO_PREFIX = "";
			};
			name = Debug;
		};
		005452891C5EAE72005D56E3 /* Release */ = {
			isa = XCBuildConfiguration;
			buildSettings = {
				APPLICATION_EXTENSION_API_ONLY = YES;
				CODE_SIGN_IDENTITY = "-";
				COMBINE_HIDPI_IMAGES = YES;
				COPY_PHASE_STRIP = NO;
				CURRENT_PROJECT_VERSION = 1;
				DEBUG_INFORMATION_FORMAT = "dwarf-with-dsym";
				DEFINES_MODULE = YES;
				DYLIB_COMPATIBILITY_VERSION = 1;
				DYLIB_CURRENT_VERSION = 1;
				DYLIB_INSTALL_NAME_BASE = "@rpath";
				FRAMEWORK_VERSION = A;
				GCC_NO_COMMON_BLOCKS = YES;
				INFOPLIST_FILE = "ImageScout-Mac/Info.plist";
				INSTALL_PATH = "$(LOCAL_LIBRARY_DIR)/Frameworks";
				LD_RUNPATH_SEARCH_PATHS = "$(inherited) @executable_path/../Frameworks @loader_path/Frameworks";
				MACOSX_DEPLOYMENT_TARGET = 10.11;
				PRODUCT_BUNDLE_IDENTIFIER = co.kaishin.ImageScoutMac;
				PRODUCT_NAME = ImageScout;
				SDKROOT = macosx;
				SKIP_INSTALL = YES;
				SWIFT_OPTIMIZATION_LEVEL = "-Owholemodule";
				SWIFT_VERSION = 5.0;
				VERSIONING_SYSTEM = "apple-generic";
				VERSION_INFO_PREFIX = "";
			};
			name = Release;
		};
		9D52342719DE0A4A00FEE5AC /* Debug */ = {
			isa = XCBuildConfiguration;
			buildSettings = {
				ALWAYS_SEARCH_USER_PATHS = NO;
				CLANG_ANALYZER_LOCALIZABILITY_NONLOCALIZED = YES;
				CLANG_CXX_LANGUAGE_STANDARD = "gnu++0x";
				CLANG_CXX_LIBRARY = "libc++";
				CLANG_ENABLE_MODULES = YES;
				CLANG_ENABLE_OBJC_ARC = YES;
				CLANG_WARN_BLOCK_CAPTURE_AUTORELEASING = YES;
				CLANG_WARN_BOOL_CONVERSION = YES;
				CLANG_WARN_COMMA = YES;
				CLANG_WARN_CONSTANT_CONVERSION = YES;
				CLANG_WARN_DEPRECATED_OBJC_IMPLEMENTATIONS = YES;
				CLANG_WARN_DIRECT_OBJC_ISA_USAGE = YES_ERROR;
				CLANG_WARN_EMPTY_BODY = YES;
				CLANG_WARN_ENUM_CONVERSION = YES;
				CLANG_WARN_INFINITE_RECURSION = YES;
				CLANG_WARN_INT_CONVERSION = YES;
				CLANG_WARN_NON_LITERAL_NULL_CONVERSION = YES;
				CLANG_WARN_OBJC_IMPLICIT_RETAIN_SELF = YES;
				CLANG_WARN_OBJC_LITERAL_CONVERSION = YES;
				CLANG_WARN_OBJC_ROOT_CLASS = YES_ERROR;
				CLANG_WARN_RANGE_LOOP_ANALYSIS = YES;
				CLANG_WARN_STRICT_PROTOTYPES = YES;
				CLANG_WARN_SUSPICIOUS_MOVE = YES;
				CLANG_WARN_UNREACHABLE_CODE = YES;
				CLANG_WARN__DUPLICATE_METHOD_MATCH = YES;
				"CODE_SIGN_IDENTITY[sdk=iphoneos*]" = "iPhone Developer";
				COMPRESS_PNG_FILES = NO;
				COPY_PHASE_STRIP = NO;
				ENABLE_STRICT_OBJC_MSGSEND = YES;
				ENABLE_TESTABILITY = YES;
				GCC_C_LANGUAGE_STANDARD = gnu99;
				GCC_DYNAMIC_NO_PIC = NO;
				GCC_NO_COMMON_BLOCKS = YES;
				GCC_OPTIMIZATION_LEVEL = 0;
				GCC_PREPROCESSOR_DEFINITIONS = (
					"DEBUG=1",
					"$(inherited)",
				);
				GCC_SYMBOLS_PRIVATE_EXTERN = NO;
				GCC_WARN_64_TO_32_BIT_CONVERSION = YES;
				GCC_WARN_ABOUT_RETURN_TYPE = YES_ERROR;
				GCC_WARN_UNDECLARED_SELECTOR = YES;
				GCC_WARN_UNINITIALIZED_AUTOS = YES_AGGRESSIVE;
				GCC_WARN_UNUSED_FUNCTION = YES;
				GCC_WARN_UNUSED_VARIABLE = YES;
				IPHONEOS_DEPLOYMENT_TARGET = 8.0;
				MTL_ENABLE_DEBUG_INFO = YES;
				ONLY_ACTIVE_ARCH = YES;
				SDKROOT = iphoneos;
				STRIP_PNG_TEXT = NO;
				SWIFT_OPTIMIZATION_LEVEL = "-Onone";
				TARGETED_DEVICE_FAMILY = "1,2";
			};
			name = Debug;
		};
		9D52342819DE0A4A00FEE5AC /* Release */ = {
			isa = XCBuildConfiguration;
			buildSettings = {
				ALWAYS_SEARCH_USER_PATHS = NO;
				CLANG_ANALYZER_LOCALIZABILITY_NONLOCALIZED = YES;
				CLANG_CXX_LANGUAGE_STANDARD = "gnu++0x";
				CLANG_CXX_LIBRARY = "libc++";
				CLANG_ENABLE_MODULES = YES;
				CLANG_ENABLE_OBJC_ARC = YES;
				CLANG_WARN_BLOCK_CAPTURE_AUTORELEASING = YES;
				CLANG_WARN_BOOL_CONVERSION = YES;
				CLANG_WARN_COMMA = YES;
				CLANG_WARN_CONSTANT_CONVERSION = YES;
				CLANG_WARN_DEPRECATED_OBJC_IMPLEMENTATIONS = YES;
				CLANG_WARN_DIRECT_OBJC_ISA_USAGE = YES_ERROR;
				CLANG_WARN_EMPTY_BODY = YES;
				CLANG_WARN_ENUM_CONVERSION = YES;
				CLANG_WARN_INFINITE_RECURSION = YES;
				CLANG_WARN_INT_CONVERSION = YES;
				CLANG_WARN_NON_LITERAL_NULL_CONVERSION = YES;
				CLANG_WARN_OBJC_IMPLICIT_RETAIN_SELF = YES;
				CLANG_WARN_OBJC_LITERAL_CONVERSION = YES;
				CLANG_WARN_OBJC_ROOT_CLASS = YES_ERROR;
				CLANG_WARN_RANGE_LOOP_ANALYSIS = YES;
				CLANG_WARN_STRICT_PROTOTYPES = YES;
				CLANG_WARN_SUSPICIOUS_MOVE = YES;
				CLANG_WARN_UNREACHABLE_CODE = YES;
				CLANG_WARN__DUPLICATE_METHOD_MATCH = YES;
				"CODE_SIGN_IDENTITY[sdk=iphoneos*]" = "iPhone Developer";
				COMPRESS_PNG_FILES = NO;
				COPY_PHASE_STRIP = YES;
				ENABLE_NS_ASSERTIONS = NO;
				ENABLE_STRICT_OBJC_MSGSEND = YES;
				GCC_C_LANGUAGE_STANDARD = gnu99;
				GCC_NO_COMMON_BLOCKS = YES;
				GCC_WARN_64_TO_32_BIT_CONVERSION = YES;
				GCC_WARN_ABOUT_RETURN_TYPE = YES_ERROR;
				GCC_WARN_UNDECLARED_SELECTOR = YES;
				GCC_WARN_UNINITIALIZED_AUTOS = YES_AGGRESSIVE;
				GCC_WARN_UNUSED_FUNCTION = YES;
				GCC_WARN_UNUSED_VARIABLE = YES;
				IPHONEOS_DEPLOYMENT_TARGET = 8.0;
				MTL_ENABLE_DEBUG_INFO = NO;
				SDKROOT = iphoneos;
				STRIP_PNG_TEXT = NO;
				TARGETED_DEVICE_FAMILY = "1,2";
				VALIDATE_PRODUCT = YES;
			};
			name = Release;
		};
		9D52342D19DE0A4A00FEE5AC /* Debug */ = {
			isa = XCBuildConfiguration;
			buildSettings = {
				FRAMEWORK_SEARCH_PATHS = "$(inherited)";
				GCC_PREPROCESSOR_DEFINITIONS = (
					"DEBUG=1",
					"$(inherited)",
				);
				INFOPLIST_FILE = Tests/Info.plist;
				LD_RUNPATH_SEARCH_PATHS = "$(inherited) @executable_path/Frameworks @loader_path/Frameworks";
				PRODUCT_BUNDLE_IDENTIFIER = "co.kaishin.$(PRODUCT_NAME:rfc1034identifier)";
				PRODUCT_NAME = "$(TARGET_NAME)";
				SWIFT_VERSION = 4.2;
			};
			name = Debug;
		};
		9D52342E19DE0A4A00FEE5AC /* Release */ = {
			isa = XCBuildConfiguration;
			buildSettings = {
				FRAMEWORK_SEARCH_PATHS = "$(inherited)";
				INFOPLIST_FILE = Tests/Info.plist;
				LD_RUNPATH_SEARCH_PATHS = "$(inherited) @executable_path/Frameworks @loader_path/Frameworks";
				PRODUCT_BUNDLE_IDENTIFIER = "co.kaishin.$(PRODUCT_NAME:rfc1034identifier)";
				PRODUCT_NAME = "$(TARGET_NAME)";
				SWIFT_OPTIMIZATION_LEVEL = "-Owholemodule";
				SWIFT_VERSION = 4.2;
			};
			name = Release;
		};
		EAF49BA51A3600E300B395DF /* Debug */ = {
			isa = XCBuildConfiguration;
			buildSettings = {
				APPLICATION_EXTENSION_API_ONLY = YES;
				"CODE_SIGN_IDENTITY[sdk=iphoneos*]" = "";
				CURRENT_PROJECT_VERSION = 1;
				DEFINES_MODULE = YES;
				DYLIB_COMPATIBILITY_VERSION = 1;
				DYLIB_CURRENT_VERSION = 1;
				DYLIB_INSTALL_NAME_BASE = "@rpath";
				GCC_PREPROCESSOR_DEFINITIONS = (
					"DEBUG=1",
					"$(inherited)",
				);
				INFOPLIST_FILE = "$(SRCROOT)/ImageScout-iOS/Info.plist";
				INSTALL_PATH = "$(LOCAL_LIBRARY_DIR)/Frameworks";
				IPHONEOS_DEPLOYMENT_TARGET = 8.0;
				LD_RUNPATH_SEARCH_PATHS = "$(inherited) @executable_path/Frameworks @loader_path/Frameworks";
				PRODUCT_BUNDLE_IDENTIFIER = "co.kaishin.$(PRODUCT_NAME:rfc1034identifier)";
				PRODUCT_MODULE_NAME = "$(PRODUCT_NAME:c99extidentifier)";
				PRODUCT_NAME = ImageScout;
				SKIP_INSTALL = YES;
				SWIFT_SWIFT3_OBJC_INFERENCE = Default;
				SWIFT_VERSION = 4.2;
				VERSIONING_SYSTEM = "apple-generic";
				VERSION_INFO_PREFIX = "";
			};
			name = Debug;
		};
		EAF49BA61A3600E300B395DF /* Release */ = {
			isa = XCBuildConfiguration;
			buildSettings = {
				APPLICATION_EXTENSION_API_ONLY = YES;
				"CODE_SIGN_IDENTITY[sdk=iphoneos*]" = "";
				CURRENT_PROJECT_VERSION = 1;
				DEFINES_MODULE = YES;
				DYLIB_COMPATIBILITY_VERSION = 1;
				DYLIB_CURRENT_VERSION = 1;
				DYLIB_INSTALL_NAME_BASE = "@rpath";
				INFOPLIST_FILE = "$(SRCROOT)/ImageScout-iOS/Info.plist";
				INSTALL_PATH = "$(LOCAL_LIBRARY_DIR)/Frameworks";
				IPHONEOS_DEPLOYMENT_TARGET = 8.0;
				LD_RUNPATH_SEARCH_PATHS = "$(inherited) @executable_path/Frameworks @loader_path/Frameworks";
				PRODUCT_BUNDLE_IDENTIFIER = "co.kaishin.$(PRODUCT_NAME:rfc1034identifier)";
				PRODUCT_MODULE_NAME = "$(PRODUCT_NAME:c99extidentifier)";
				PRODUCT_NAME = ImageScout;
				SKIP_INSTALL = YES;
				SWIFT_OPTIMIZATION_LEVEL = "-Owholemodule";
				SWIFT_SWIFT3_OBJC_INFERENCE = Default;
				SWIFT_VERSION = 4.2;
				VERSIONING_SYSTEM = "apple-generic";
				VERSION_INFO_PREFIX = "";
			};
			name = Release;
		};
/* End XCBuildConfiguration section */

/* Begin XCConfigurationList section */
		0054528A1C5EAE72005D56E3 /* Build configuration list for PBXNativeTarget "ImageScout-Mac" */ = {
			isa = XCConfigurationList;
			buildConfigurations = (
				005452881C5EAE72005D56E3 /* Debug */,
				005452891C5EAE72005D56E3 /* Release */,
			);
			defaultConfigurationIsVisible = 0;
			defaultConfigurationName = Release;
		};
		9D52340519DE0A4900FEE5AC /* Build configuration list for PBXProject "ImageScout" */ = {
			isa = XCConfigurationList;
			buildConfigurations = (
				9D52342719DE0A4A00FEE5AC /* Debug */,
				9D52342819DE0A4A00FEE5AC /* Release */,
			);
			defaultConfigurationIsVisible = 0;
			defaultConfigurationName = Release;
		};
		9D52342C19DE0A4A00FEE5AC /* Build configuration list for PBXNativeTarget "ImageScoutTests" */ = {
			isa = XCConfigurationList;
			buildConfigurations = (
				9D52342D19DE0A4A00FEE5AC /* Debug */,
				9D52342E19DE0A4A00FEE5AC /* Release */,
			);
			defaultConfigurationIsVisible = 0;
			defaultConfigurationName = Release;
		};
		EAF49BA41A3600E300B395DF /* Build configuration list for PBXNativeTarget "ImageScout-iOS" */ = {
			isa = XCConfigurationList;
			buildConfigurations = (
				EAF49BA51A3600E300B395DF /* Debug */,
				EAF49BA61A3600E300B395DF /* Release */,
			);
			defaultConfigurationIsVisible = 0;
			defaultConfigurationName = Release;
		};
/* End XCConfigurationList section */
	};
	rootObject = 9D52340219DE0A4900FEE5AC /* Project object */;
}
