// !$*UTF8*$!
{
	archiveVersion = 1;
	classes = {
	};
	objectVersion = 46;
	objects = {

/* Begin PBXBuildFile section */
		005FAE2D19E16CFE00FB4919 /* ImageScout.swift in Sources */ = {isa = PBXBuildFile; fileRef = 005FAE2C19E16CFE00FB4919 /* ImageScout.swift */; };
		006F0B4019E75C4F006F5714 /* scout.bmp in Resources */ = {isa = PBXBuildFile; fileRef = 006F0B3F19E75C4F006F5714 /* scout.bmp */; };
		008D0C9219E7BA300018CF15 /* ImageScoutTests.swift in Sources */ = {isa = PBXBuildFile; fileRef = 008D0C9119E7BA300018CF15 /* ImageScoutTests.swift */; };
		008D0C9419E7BA440018CF15 /* ImageScout.swift in Sources */ = {isa = PBXBuildFile; fileRef = 008D0C9319E7BA440018CF15 /* ImageScout.swift */; };
		9D52341019DE0A4A00FEE5AC /* AppDelegate.swift in Sources */ = {isa = PBXBuildFile; fileRef = 9D52340F19DE0A4A00FEE5AC /* AppDelegate.swift */; };
		9D52341219DE0A4A00FEE5AC /* ViewController.swift in Sources */ = {isa = PBXBuildFile; fileRef = 9D52341119DE0A4A00FEE5AC /* ViewController.swift */; };
		9D52341519DE0A4A00FEE5AC /* Main.storyboard in Resources */ = {isa = PBXBuildFile; fileRef = 9D52341319DE0A4A00FEE5AC /* Main.storyboard */; };
		9D52341719DE0A4A00FEE5AC /* Images.xcassets in Resources */ = {isa = PBXBuildFile; fileRef = 9D52341619DE0A4A00FEE5AC /* Images.xcassets */; };
		9D52343419DE0AB300FEE5AC /* scout.gif in Resources */ = {isa = PBXBuildFile; fileRef = 9D52342F19DE0AB300FEE5AC /* scout.gif */; };
		9D52343719DE0AB300FEE5AC /* scout.jpg in Resources */ = {isa = PBXBuildFile; fileRef = 9D52343219DE0AB300FEE5AC /* scout.jpg */; };
		9D52343819DE0AB300FEE5AC /* scout.png in Resources */ = {isa = PBXBuildFile; fileRef = 9D52343319DE0AB300FEE5AC /* scout.png */; };
		9DD4A76719DF25A80051BDDF /* CoreFoundation.framework in Frameworks */ = {isa = PBXBuildFile; fileRef = 9DD4A76619DF25A80051BDDF /* CoreFoundation.framework */; };
/* End PBXBuildFile section */

/* Begin PBXContainerItemProxy section */
		9D52342019DE0A4A00FEE5AC /* PBXContainerItemProxy */ = {
			isa = PBXContainerItemProxy;
			containerPortal = 9D52340219DE0A4900FEE5AC /* Project object */;
			proxyType = 1;
			remoteGlobalIDString = 9D52340919DE0A4900FEE5AC;
			remoteInfo = ImageScout;
		};
/* End PBXContainerItemProxy section */

/* Begin PBXFileReference section */
		005FAE2C19E16CFE00FB4919 /* ImageScout.swift */ = {isa = PBXFileReference; fileEncoding = 4; lastKnownFileType = sourcecode.swift; path = ImageScout.swift; sourceTree = "<group>"; };
		006F0B3F19E75C4F006F5714 /* scout.bmp */ = {isa = PBXFileReference; lastKnownFileType = image.bmp; path = scout.bmp; sourceTree = "<group>"; };
		008D0C9119E7BA300018CF15 /* ImageScoutTests.swift */ = {isa = PBXFileReference; fileEncoding = 4; lastKnownFileType = sourcecode.swift; name = ImageScoutTests.swift; path = Tests/ImageScoutTests.swift; sourceTree = SOURCE_ROOT; };
		008D0C9319E7BA440018CF15 /* ImageScout.swift */ = {isa = PBXFileReference; fileEncoding = 4; lastKnownFileType = sourcecode.swift; name = ImageScout.swift; path = Source/ImageScout.swift; sourceTree = SOURCE_ROOT; };
		9D52340A19DE0A4900FEE5AC /* ImageScout.app */ = {isa = PBXFileReference; explicitFileType = wrapper.application; includeInIndex = 0; path = ImageScout.app; sourceTree = BUILT_PRODUCTS_DIR; };
		9D52340E19DE0A4900FEE5AC /* Info.plist */ = {isa = PBXFileReference; lastKnownFileType = text.plist.xml; path = Info.plist; sourceTree = "<group>"; };
		9D52340F19DE0A4A00FEE5AC /* AppDelegate.swift */ = {isa = PBXFileReference; lastKnownFileType = sourcecode.swift; path = AppDelegate.swift; sourceTree = "<group>"; };
		9D52341119DE0A4A00FEE5AC /* ViewController.swift */ = {isa = PBXFileReference; lastKnownFileType = sourcecode.swift; path = ViewController.swift; sourceTree = "<group>"; };
		9D52341419DE0A4A00FEE5AC /* Base */ = {isa = PBXFileReference; lastKnownFileType = file.storyboard; name = Base; path = Base.lproj/Main.storyboard; sourceTree = "<group>"; };
		9D52341619DE0A4A00FEE5AC /* Images.xcassets */ = {isa = PBXFileReference; lastKnownFileType = folder.assetcatalog; path = Images.xcassets; sourceTree = "<group>"; };
		9D52341F19DE0A4A00FEE5AC /* ImageScoutTests.xctest */ = {isa = PBXFileReference; explicitFileType = wrapper.cfbundle; includeInIndex = 0; path = ImageScoutTests.xctest; sourceTree = BUILT_PRODUCTS_DIR; };
		9D52342419DE0A4A00FEE5AC /* Info.plist */ = {isa = PBXFileReference; lastKnownFileType = text.plist.xml; name = Info.plist; path = ../Tests/Info.plist; sourceTree = "<group>"; };
		9D52342F19DE0AB300FEE5AC /* scout.gif */ = {isa = PBXFileReference; lastKnownFileType = image.gif; path = scout.gif; sourceTree = "<group>"; };
		9D52343219DE0AB300FEE5AC /* scout.jpg */ = {isa = PBXFileReference; lastKnownFileType = image.jpeg; path = scout.jpg; sourceTree = "<group>"; };
		9D52343319DE0AB300FEE5AC /* scout.png */ = {isa = PBXFileReference; lastKnownFileType = image.png; path = scout.png; sourceTree = "<group>"; };
		9DD4A76619DF25A80051BDDF /* CoreFoundation.framework */ = {isa = PBXFileReference; lastKnownFileType = wrapper.framework; name = CoreFoundation.framework; path = System/Library/Frameworks/CoreFoundation.framework; sourceTree = SDKROOT; };
/* End PBXFileReference section */

/* Begin PBXFrameworksBuildPhase section */
		9D52340719DE0A4900FEE5AC /* Frameworks */ = {
			isa = PBXFrameworksBuildPhase;
			buildActionMask = 2147483647;
			files = (
				9DD4A76719DF25A80051BDDF /* CoreFoundation.framework in Frameworks */,
			);
			runOnlyForDeploymentPostprocessing = 0;
		};
		9D52341C19DE0A4A00FEE5AC /* Frameworks */ = {
			isa = PBXFrameworksBuildPhase;
			buildActionMask = 2147483647;
			files = (
			);
			runOnlyForDeploymentPostprocessing = 0;
		};
/* End PBXFrameworksBuildPhase section */

/* Begin PBXGroup section */
		006F0B3A19E6FED7006F5714 /* Source */ = {
			isa = PBXGroup;
			children = (
				005FAE2C19E16CFE00FB4919 /* ImageScout.swift */,
			);
			path = Source;
			sourceTree = "<group>";
		};
		9D52340119DE0A4900FEE5AC = {
			isa = PBXGroup;
			children = (
				006F0B3A19E6FED7006F5714 /* Source */,
				9D52340C19DE0A4900FEE5AC /* Example */,
				9D52342219DE0A4A00FEE5AC /* Tests */,
				9D52340B19DE0A4900FEE5AC /* Products */,
			);
			sourceTree = "<group>";
		};
		9D52340B19DE0A4900FEE5AC /* Products */ = {
			isa = PBXGroup;
			children = (
				9D52340A19DE0A4900FEE5AC /* ImageScout.app */,
				9D52341F19DE0A4A00FEE5AC /* ImageScoutTests.xctest */,
			);
			name = Products;
			sourceTree = "<group>";
		};
		9D52340C19DE0A4900FEE5AC /* Example */ = {
			isa = PBXGroup;
			children = (
				9D52340F19DE0A4A00FEE5AC /* AppDelegate.swift */,
				9D52341119DE0A4A00FEE5AC /* ViewController.swift */,
				9D52341319DE0A4A00FEE5AC /* Main.storyboard */,
				9D52341619DE0A4A00FEE5AC /* Images.xcassets */,
				9D52340D19DE0A4900FEE5AC /* Supporting Files */,
			);
			path = Example;
			sourceTree = "<group>";
		};
		9D52340D19DE0A4900FEE5AC /* Supporting Files */ = {
			isa = PBXGroup;
			children = (
				9D52342F19DE0AB300FEE5AC /* scout.gif */,
				9D52343219DE0AB300FEE5AC /* scout.jpg */,
				006F0B3F19E75C4F006F5714 /* scout.bmp */,
				9D52343319DE0AB300FEE5AC /* scout.png */,
				9D52340E19DE0A4900FEE5AC /* Info.plist */,
			);
			name = "Supporting Files";
			sourceTree = "<group>";
		};
		9D52342219DE0A4A00FEE5AC /* Tests */ = {
			isa = PBXGroup;
			children = (
				008D0C9119E7BA300018CF15 /* ImageScoutTests.swift */,
				008D0C9319E7BA440018CF15 /* ImageScout.swift */,
				9D52342319DE0A4A00FEE5AC /* Supporting Files */,
			);
			name = Tests;
			path = ImageScoutTests;
			sourceTree = "<group>";
		};
		9D52342319DE0A4A00FEE5AC /* Supporting Files */ = {
			isa = PBXGroup;
			children = (
				9D52342419DE0A4A00FEE5AC /* Info.plist */,
				9DD4A76619DF25A80051BDDF /* CoreFoundation.framework */,
			);
			name = "Supporting Files";
			sourceTree = "<group>";
		};
/* End PBXGroup section */

/* Begin PBXNativeTarget section */
		9D52340919DE0A4900FEE5AC /* ImageScout */ = {
			isa = PBXNativeTarget;
			buildConfigurationList = 9D52342919DE0A4A00FEE5AC /* Build configuration list for PBXNativeTarget "ImageScout" */;
			buildPhases = (
				9D52340619DE0A4900FEE5AC /* Sources */,
				9D52340719DE0A4900FEE5AC /* Frameworks */,
				9D52340819DE0A4900FEE5AC /* Resources */,
			);
			buildRules = (
			);
			dependencies = (
			);
			name = ImageScout;
			productName = ImageScout;
			productReference = 9D52340A19DE0A4900FEE5AC /* ImageScout.app */;
			productType = "com.apple.product-type.application";
		};
		9D52341E19DE0A4A00FEE5AC /* ImageScoutTests */ = {
			isa = PBXNativeTarget;
			buildConfigurationList = 9D52342C19DE0A4A00FEE5AC /* Build configuration list for PBXNativeTarget "ImageScoutTests" */;
			buildPhases = (
				9D52341B19DE0A4A00FEE5AC /* Sources */,
				9D52341C19DE0A4A00FEE5AC /* Frameworks */,
				9D52341D19DE0A4A00FEE5AC /* Resources */,
			);
			buildRules = (
			);
			dependencies = (
				9D52342119DE0A4A00FEE5AC /* PBXTargetDependency */,
			);
			name = ImageScoutTests;
			productName = ImageScoutTests;
			productReference = 9D52341F19DE0A4A00FEE5AC /* ImageScoutTests.xctest */;
			productType = "com.apple.product-type.bundle.unit-test";
		};
/* End PBXNativeTarget section */

/* Begin PBXProject section */
		9D52340219DE0A4900FEE5AC /* Project object */ = {
			isa = PBXProject;
			attributes = {
				LastUpgradeCheck = 0610;
				ORGANIZATIONNAME = "Kaishin & Co";
				TargetAttributes = {
					9D52340919DE0A4900FEE5AC = {
						CreatedOnToolsVersion = 6.0;
					};
					9D52341E19DE0A4A00FEE5AC = {
						CreatedOnToolsVersion = 6.0;
						TestTargetID = 9D52340919DE0A4900FEE5AC;
					};
				};
			};
			buildConfigurationList = 9D52340519DE0A4900FEE5AC /* Build configuration list for PBXProject "ImageScout" */;
			compatibilityVersion = "Xcode 3.2";
			developmentRegion = English;
			hasScannedForEncodings = 0;
			knownRegions = (
				en,
				Base,
			);
			mainGroup = 9D52340119DE0A4900FEE5AC;
			productRefGroup = 9D52340B19DE0A4900FEE5AC /* Products */;
			projectDirPath = "";
			projectRoot = "";
			targets = (
				9D52340919DE0A4900FEE5AC /* ImageScout */,
				9D52341E19DE0A4A00FEE5AC /* ImageScoutTests */,
			);
		};
/* End PBXProject section */

/* Begin PBXResourcesBuildPhase section */
		9D52340819DE0A4900FEE5AC /* Resources */ = {
			isa = PBXResourcesBuildPhase;
			buildActionMask = 2147483647;
			files = (
				9D52343819DE0AB300FEE5AC /* scout.png in Resources */,
				9D52343419DE0AB300FEE5AC /* scout.gif in Resources */,
				9D52341519DE0A4A00FEE5AC /* Main.storyboard in Resources */,
				9D52343719DE0AB300FEE5AC /* scout.jpg in Resources */,
				006F0B4019E75C4F006F5714 /* scout.bmp in Resources */,
				9D52341719DE0A4A00FEE5AC /* Images.xcassets in Resources */,
			);
			runOnlyForDeploymentPostprocessing = 0;
		};
		9D52341D19DE0A4A00FEE5AC /* Resources */ = {
			isa = PBXResourcesBuildPhase;
			buildActionMask = 2147483647;
			files = (
			);
			runOnlyForDeploymentPostprocessing = 0;
		};
/* End PBXResourcesBuildPhase section */

/* Begin PBXSourcesBuildPhase section */
		9D52340619DE0A4900FEE5AC /* Sources */ = {
			isa = PBXSourcesBuildPhase;
			buildActionMask = 2147483647;
			files = (
				005FAE2D19E16CFE00FB4919 /* ImageScout.swift in Sources */,
				9D52341219DE0A4A00FEE5AC /* ViewController.swift in Sources */,
				9D52341019DE0A4A00FEE5AC /* AppDelegate.swift in Sources */,
			);
			runOnlyForDeploymentPostprocessing = 0;
		};
		9D52341B19DE0A4A00FEE5AC /* Sources */ = {
			isa = PBXSourcesBuildPhase;
			buildActionMask = 2147483647;
			files = (
				008D0C9419E7BA440018CF15 /* ImageScout.swift in Sources */,
				008D0C9219E7BA300018CF15 /* ImageScoutTests.swift in Sources */,
			);
			runOnlyForDeploymentPostprocessing = 0;
		};
/* End PBXSourcesBuildPhase section */

/* Begin PBXTargetDependency section */
		9D52342119DE0A4A00FEE5AC /* PBXTargetDependency */ = {
			isa = PBXTargetDependency;
			target = 9D52340919DE0A4900FEE5AC /* ImageScout */;
			targetProxy = 9D52342019DE0A4A00FEE5AC /* PBXContainerItemProxy */;
		};
/* End PBXTargetDependency section */

/* Begin PBXVariantGroup section */
		9D52341319DE0A4A00FEE5AC /* Main.storyboard */ = {
			isa = PBXVariantGroup;
			children = (
				9D52341419DE0A4A00FEE5AC /* Base */,
			);
			name = Main.storyboard;
			sourceTree = "<group>";
		};
/* End PBXVariantGroup section */

/* Begin XCBuildConfiguration section */
		9D52342719DE0A4A00FEE5AC /* Debug */ = {
			isa = XCBuildConfiguration;
			buildSettings = {
				ALWAYS_SEARCH_USER_PATHS = NO;
				CLANG_CXX_LANGUAGE_STANDARD = "gnu++0x";
				CLANG_CXX_LIBRARY = "libc++";
				CLANG_ENABLE_MODULES = YES;
				CLANG_ENABLE_OBJC_ARC = YES;
				CLANG_WARN_BOOL_CONVERSION = YES;
				CLANG_WARN_CONSTANT_CONVERSION = YES;
				CLANG_WARN_DIRECT_OBJC_ISA_USAGE = YES_ERROR;
				CLANG_WARN_EMPTY_BODY = YES;
				CLANG_WARN_ENUM_CONVERSION = YES;
				CLANG_WARN_INT_CONVERSION = YES;
				CLANG_WARN_OBJC_ROOT_CLASS = YES_ERROR;
				CLANG_WARN_UNREACHABLE_CODE = YES;
				CLANG_WARN__DUPLICATE_METHOD_MATCH = YES;
				"CODE_SIGN_IDENTITY[sdk=iphoneos*]" = "iPhone Developer";
				COPY_PHASE_STRIP = NO;
				ENABLE_STRICT_OBJC_MSGSEND = YES;
				GCC_C_LANGUAGE_STANDARD = gnu99;
				GCC_DYNAMIC_NO_PIC = NO;
				GCC_OPTIMIZATION_LEVEL = 0;
				GCC_PREPROCESSOR_DEFINITIONS = (
					"DEBUG=1",
					"$(inherited)",
				);
				GCC_SYMBOLS_PRIVATE_EXTERN = NO;
				GCC_WARN_64_TO_32_BIT_CONVERSION = YES;
				GCC_WARN_ABOUT_RETURN_TYPE = YES_ERROR;
				GCC_WARN_UNDECLARED_SELECTOR = YES;
				GCC_WARN_UNINITIALIZED_AUTOS = YES_AGGRESSIVE;
				GCC_WARN_UNUSED_FUNCTION = YES;
				GCC_WARN_UNUSED_VARIABLE = YES;
				IPHONEOS_DEPLOYMENT_TARGET = 8.0;
				MTL_ENABLE_DEBUG_INFO = YES;
				ONLY_ACTIVE_ARCH = YES;
				SDKROOT = iphoneos;
				SWIFT_OPTIMIZATION_LEVEL = "-Onone";
				TARGETED_DEVICE_FAMILY = "1,2";
			};
			name = Debug;
		};
		9D52342819DE0A4A00FEE5AC /* Release */ = {
			isa = XCBuildConfiguration;
			buildSettings = {
				ALWAYS_SEARCH_USER_PATHS = NO;
				CLANG_CXX_LANGUAGE_STANDARD = "gnu++0x";
				CLANG_CXX_LIBRARY = "libc++";
				CLANG_ENABLE_MODULES = YES;
				CLANG_ENABLE_OBJC_ARC = YES;
				CLANG_WARN_BOOL_CONVERSION = YES;
				CLANG_WARN_CONSTANT_CONVERSION = YES;
				CLANG_WARN_DIRECT_OBJC_ISA_USAGE = YES_ERROR;
				CLANG_WARN_EMPTY_BODY = YES;
				CLANG_WARN_ENUM_CONVERSION = YES;
				CLANG_WARN_INT_CONVERSION = YES;
				CLANG_WARN_OBJC_ROOT_CLASS = YES_ERROR;
				CLANG_WARN_UNREACHABLE_CODE = YES;
				CLANG_WARN__DUPLICATE_METHOD_MATCH = YES;
				"CODE_SIGN_IDENTITY[sdk=iphoneos*]" = "iPhone Developer";
				COPY_PHASE_STRIP = YES;
				ENABLE_NS_ASSERTIONS = NO;
				ENABLE_STRICT_OBJC_MSGSEND = YES;
				GCC_C_LANGUAGE_STANDARD = gnu99;
				GCC_WARN_64_TO_32_BIT_CONVERSION = YES;
				GCC_WARN_ABOUT_RETURN_TYPE = YES_ERROR;
				GCC_WARN_UNDECLARED_SELECTOR = YES;
				GCC_WARN_UNINITIALIZED_AUTOS = YES_AGGRESSIVE;
				GCC_WARN_UNUSED_FUNCTION = YES;
				GCC_WARN_UNUSED_VARIABLE = YES;
				IPHONEOS_DEPLOYMENT_TARGET = 8.0;
				MTL_ENABLE_DEBUG_INFO = NO;
				SDKROOT = iphoneos;
				TARGETED_DEVICE_FAMILY = "1,2";
				VALIDATE_PRODUCT = YES;
			};
			name = Release;
		};
		9D52342A19DE0A4A00FEE5AC /* Debug */ = {
			isa = XCBuildConfiguration;
			buildSettings = {
				ASSETCATALOG_COMPILER_APPICON_NAME = AppIcon;
				ASSETCATALOG_COMPILER_LAUNCHIMAGE_NAME = LaunchImage;
				INFOPLIST_FILE = "$(SRCROOT)/Example/Info.plist";
				IPHONEOS_DEPLOYMENT_TARGET = 7.0;
				LD_RUNPATH_SEARCH_PATHS = "$(inherited) @executable_path/Frameworks";
				PRODUCT_NAME = "$(TARGET_NAME)";
			};
			name = Debug;
		};
		9D52342B19DE0A4A00FEE5AC /* Release */ = {
			isa = XCBuildConfiguration;
			buildSettings = {
				ASSETCATALOG_COMPILER_APPICON_NAME = AppIcon;
				ASSETCATALOG_COMPILER_LAUNCHIMAGE_NAME = LaunchImage;
				INFOPLIST_FILE = "$(SRCROOT)/Example/Info.plist";
				IPHONEOS_DEPLOYMENT_TARGET = 7.0;
				LD_RUNPATH_SEARCH_PATHS = "$(inherited) @executable_path/Frameworks";
				PRODUCT_NAME = "$(TARGET_NAME)";
			};
			name = Release;
		};
		9D52342D19DE0A4A00FEE5AC /* Debug */ = {
			isa = XCBuildConfiguration;
			buildSettings = {
				BUNDLE_LOADER = "$(TEST_HOST)";
				FRAMEWORK_SEARCH_PATHS = (
					"$(SDKROOT)/Developer/Library/Frameworks",
					"$(inherited)",
				);
				GCC_PREPROCESSOR_DEFINITIONS = (
					"DEBUG=1",
					"$(inherited)",
				);
				INFOPLIST_FILE = Tests/Info.plist;
				LD_RUNPATH_SEARCH_PATHS = "$(inherited) @executable_path/Frameworks @loader_path/Frameworks";
				PRODUCT_NAME = "$(TARGET_NAME)";
				TEST_HOST = "$(BUILT_PRODUCTS_DIR)/ImageScout.app/ImageScout";
			};
			name = Debug;
		};
		9D52342E19DE0A4A00FEE5AC /* Release */ = {
			isa = XCBuildConfiguration;
			buildSettings = {
				BUNDLE_LOADER = "$(TEST_HOST)";
				FRAMEWORK_SEARCH_PATHS = (
					"$(SDKROOT)/Developer/Library/Frameworks",
					"$(inherited)",
				);
				INFOPLIST_FILE = Tests/Info.plist;
				LD_RUNPATH_SEARCH_PATHS = "$(inherited) @executable_path/Frameworks @loader_path/Frameworks";
				PRODUCT_NAME = "$(TARGET_NAME)";
				TEST_HOST = "$(BUILT_PRODUCTS_DIR)/ImageScout.app/ImageScout";
			};
			name = Release;
		};
/* End XCBuildConfiguration section */

/* Begin XCConfigurationList section */
		9D52340519DE0A4900FEE5AC /* Build configuration list for PBXProject "ImageScout" */ = {
			isa = XCConfigurationList;
			buildConfigurations = (
				9D52342719DE0A4A00FEE5AC /* Debug */,
				9D52342819DE0A4A00FEE5AC /* Release */,
			);
			defaultConfigurationIsVisible = 0;
			defaultConfigurationName = Release;
		};
		9D52342919DE0A4A00FEE5AC /* Build configuration list for PBXNativeTarget "ImageScout" */ = {
			isa = XCConfigurationList;
			buildConfigurations = (
				9D52342A19DE0A4A00FEE5AC /* Debug */,
				9D52342B19DE0A4A00FEE5AC /* Release */,
			);
			defaultConfigurationIsVisible = 0;
			defaultConfigurationName = Release;
		};
		9D52342C19DE0A4A00FEE5AC /* Build configuration list for PBXNativeTarget "ImageScoutTests" */ = {
			isa = XCConfigurationList;
			buildConfigurations = (
				9D52342D19DE0A4A00FEE5AC /* Debug */,
				9D52342E19DE0A4A00FEE5AC /* Release */,
			);
			defaultConfigurationIsVisible = 0;
			defaultConfigurationName = Release;
		};
/* End XCConfigurationList section */
	};
	rootObject = 9D52340219DE0A4900FEE5AC /* Project object */;
}
